{
  "name": "logger",
  "version": "1.0.0",
  "lockfileVersion": 1,
  "requires": true,
  "dependencies": {
    "rotating-file-stream": {
      "version": "1.4.2",
      "resolved": "https://registry.npmjs.org/rotating-file-stream/-/rotating-file-stream-1.4.2.tgz",
      "integrity": "sha512-AWVI1aL1POQl1AWAOnY8LIuqBL0m4k+2EWsExjA3SdvYba5E4y6/wn0LgfxzCdWgyNVuG/bPelZ1F7/C2QzQ+w=="
    }
  }
}
